
Microsoft Visual Studio Solution File, Format Version 12.00
# Visual Studio Version 16
VisualStudioVersion = 16.0.30114.105
MinimumVisualStudioVersion = 10.0.40219.1
Project("{FAE04EC0-301F-11D3-BF4B-00C04F79EFBC}") = "Raw12server", "Raw12server.csproj", "{ED841ADD-4D37-41DE-A077-B3CF832CBC78}"
EndProject
Global
	GlobalSection(SolutionConfigurationPlatforms) = preSolution
		Debug|Any CPU = Debug|Any CPU
		Release|Any CPU = Release|Any CPU
	EndGlobalSection
	GlobalSection(ProjectConfigurationPlatforms) = postSolution
		{ED841ADD-4D37-41DE-A077-B3CF832CBC78}.Debug|Any CPU.ActiveCfg = Debug|Any CPU
		{ED841ADD-4D37-41DE-A077-B3CF832CBC78}.Debug|Any CPU.Build.0 = Debug|Any CPU
		{ED841ADD-4D37-41DE-A077-B3CF832CBC78}.Release|Any CPU.ActiveCfg = Release|Any CPU
		{ED841ADD-4D37-41DE-A077-B3CF832CBC78}.Release|Any CPU.Build.0 = Release|Any CPU
	EndGlobalSection
	GlobalSection(SolutionProperties) = preSolution
		HideSolutionNode = FALSE
	EndGlobalSection
	GlobalSection(ExtensibilityGlobals) = postSolution
		SolutionGuid = {EE5F95A3-856C-45D7-AA3E-E09E59EF0D83}
	EndGlobalSection
EndGlobal
